# This is a Gradle generated file for dependency locking.
# Manual edits can break the build and are not advised.
# This file is expected to be part of source control.
net.bytebuddy:byte-buddy-agent:1.9.10=testCompileClasspath,testRuntimeClasspath
net.bytebuddy:byte-buddy:1.9.10=testCompileClasspath,testRuntimeClasspath
org.apiguardian:apiguardian-api:1.1.2=testCompileClasspath
org.hamcrest:hamcrest:2.2=testCompileClasspath,testRuntimeClasspath
org.jacoco:org.jacoco.agent:0.8.6=jacocoAgent,jacocoAnt
org.jacoco:org.jacoco.ant:0.8.6=jacocoAnt
org.jacoco:org.jacoco.core:0.8.6=jacocoAnt
org.jacoco:org.jacoco.report:0.8.6=jacocoAnt
org.junit.jupiter:junit-jupiter-api:5.8.1=testCompileClasspath,testRuntimeClasspath
org.junit.jupiter:junit-jupiter-engine:5.8.1=testRuntimeClasspath
org.junit.jupiter:junit-jupiter-params:5.8.1=testCompileClasspath,testRuntimeClasspath
org.junit.jupiter:junit-jupiter:5.8.1=testCompileClasspath,testRuntimeClasspath
org.junit.platform:junit-platform-commons:1.8.1=testCompileClasspath,testRuntimeClasspath
org.junit.platform:junit-platform-engine:1.8.1=testRuntimeClasspath
org.junit:junit-bom:5.8.1=testCompileClasspath,testRuntimeClasspath
org.mockito:mockito-core:2.28.2=testCompileClasspath,testRuntimeClasspath
org.objenesis:objenesis:2.6=testCompileClasspath,testRuntimeClasspath
org.opentest4j:opentest4j:1.2.0=testCompileClasspath,testRuntimeClasspath
org.ow2.asm:asm-analysis:8.0.1=jacocoAnt
org.ow2.asm:asm-commons:8.0.1=jacocoAnt
org.ow2.asm:asm-tree:8.0.1=jacocoAnt
org.ow2.asm:asm:8.0.1=jacocoAnt
empty=annotationProcessor,compileClasspath,runtimeClasspath,testAnnotationProcessor
